
Microsoft Visual Studio Solution File, Format Version 12.00
# Visual Studio Version 17
VisualStudioVersion = 17.7.34024.191
MinimumVisualStudioVersion = 10.0.40219.1
Project("{FAE04EC0-301F-11D3-BF4B-00C04F79EFBC}") = "namesapp", "namesapp.csproj", "{CBDB749A-2B65-456B-AC54-EEBFE3D4A1A6}"
EndProject
Global
	GlobalSection(SolutionConfigurationPlatforms) = preSolution
		Debug|Any CPU = Debug|Any CPU
		Release|Any CPU = Release|Any CPU
	EndGlobalSection
	GlobalSection(ProjectConfigurationPlatforms) = postSolution
		{CBDB749A-2B65-456B-AC54-EEBFE3D4A1A6}.Debug|Any CPU.ActiveCfg = Debug|Any CPU
		{CBDB749A-2B65-456B-AC54-EEBFE3D4A1A6}.Debug|Any CPU.Build.0 = Debug|Any CPU
		{CBDB749A-2B65-456B-AC54-EEBFE3D4A1A6}.Release|Any CPU.ActiveCfg = Release|Any CPU
		{CBDB749A-2B65-456B-AC54-EEBFE3D4A1A6}.Release|Any CPU.Build.0 = Release|Any CPU
	EndGlobalSection
	GlobalSection(SolutionProperties) = preSolution
		HideSolutionNode = FALSE
	EndGlobalSection
	GlobalSection(ExtensibilityGlobals) = postSolution
		SolutionGuid = {BCB3622F-6DC0-4F2D-A11F-4E48537FD5CA}
	EndGlobalSection
EndGlobal
